{
  "name": "test",
  "lockfileVersion": 2,
  "requires": true,
  "packages": {
    "": {
      "dependencies": {
        "@siemens/ix": "^2.4.1",
        "@siemens/ix-angular": "^2.4.1",
        "@siemens/ix-icons": "^2.2.0",
        "ag-grid-community": "^32.0.2",
        "ag-grid-enterprise": "^32.0.2"
      }
    },
    "node_modules/@angular/common": {
      "version": "18.1.3",
      "resolved": "https://registry.npmjs.org/@angular/common/-/common-18.1.3.tgz",
      "integrity": "sha512-TC71jVph4L+QaXlyJTrW27nbqis4sWwr9hD/RDSNkfY9XCvYDb2MjYjKrpbN03FWiv7lmcKT9zgse1fYENFsKQ==",
      "peer": true,
      "dependencies": {
        "tslib": "^2.3.0"
      },
      "engines": {
        "node": "^18.19.1 || ^20.11.1 || >=22.0.0"
      },
      "peerDependencies": {
        "@angular/core": "18.1.3",
        "rxjs": "^6.5.3 || ^7.4.0"
      }
    },
    "node_modules/@angular/core": {
      "version": "18.1.3",
      "resolved": "https://registry.npmjs.org/@angular/core/-/core-18.1.3.tgz",
      "integrity": "sha512-1tFTyGLwio5oYAP2sMVDiOvy5wl/v0a4om7RTCpP2Bjro0ynuYe8FK7ilcmdyPXR1DF7GVdo/0R/eCIQJZ2PwA==",
      "peer": true,
      "dependencies": {
        "tslib": "^2.3.0"
      },
      "engines": {
        "node": "^18.19.1 || ^20.11.1 || >=22.0.0"
      },
      "peerDependencies": {
        "rxjs": "^6.5.3 || ^7.4.0",
        "zone.js": "~0.14.0"
      }
    },
    "node_modules/@angular/forms": {
      "version": "18.1.3",
      "resolved": "https://registry.npmjs.org/@angular/forms/-/forms-18.1.3.tgz",
      "integrity": "sha512-4kic/9hpS0HkbTORIkrdox7K40EcVT9VIbBruPoxX7jbfiW5jFaJ/05hLRvRt9RF8Sd9G+g5Uohmkcq/5hmsng==",
      "peer": true,
      "dependencies": {
        "tslib": "^2.3.0"
      },
      "engines": {
        "node": "^18.19.1 || ^20.11.1 || >=22.0.0"
      },
      "peerDependencies": {
        "@angular/common": "18.1.3",
        "@angular/core": "18.1.3",
        "@angular/platform-browser": "18.1.3",
        "rxjs": "^6.5.3 || ^7.4.0"
      }
    },
    "node_modules/@angular/platform-browser": {
      "version": "18.1.3",
      "resolved": "https://registry.npmjs.org/@angular/platform-browser/-/platform-browser-18.1.3.tgz",
      "integrity": "sha512-/k5Xt/WjOk6OlRqb1Wd0ZUQ3NjSbafQyDC9Icy0Mb8qJtiXZjA4VCMkZIiQD7cBxO0F/BsAiYnYNjWrIkCZICA==",
      "peer": true,
      "dependencies": {
        "tslib": "^2.3.0"
      },
      "engines": {
        "node": "^18.19.1 || ^20.11.1 || >=22.0.0"
      },
      "peerDependencies": {
        "@angular/animations": "18.1.3",
        "@angular/common": "18.1.3",
        "@angular/core": "18.1.3"
      },
      "peerDependenciesMeta": {
        "@angular/animations": {
          "optional": true
        }
      }
    },
    "node_modules/@floating-ui/core": {
      "version": "1.6.5",
      "resolved": "https://registry.npmjs.org/@floating-ui/core/-/core-1.6.5.tgz",
      "integrity": "sha512-8GrTWmoFhm5BsMZOTHeGD2/0FLKLQQHvO/ZmQga4tKempYRLz8aqJGqXVuQgisnMObq2YZ2SgkwctN1LOOxcqA==",
      "dependencies": {
        "@floating-ui/utils": "^0.2.5"
      }
    },
    "node_modules/@floating-ui/dom": {
      "version": "1.6.8",
      "resolved": "https://registry.npmjs.org/@floating-ui/dom/-/dom-1.6.8.tgz",
      "integrity": "sha512-kx62rP19VZ767Q653wsP1XZCGIirkE09E0QUGNYTM/ttbbQHqcGPdSfWFxUyyNLc/W6aoJRBajOSXhP6GXjC0Q==",
      "dependencies": {
        "@floating-ui/core": "^1.6.0",
        "@floating-ui/utils": "^0.2.5"
      }
    },
    "node_modules/@floating-ui/utils": {
      "version": "0.2.5",
      "resolved": "https://registry.npmjs.org/@floating-ui/utils/-/utils-0.2.5.tgz",
      "integrity": "sha512-sTcG+QZ6fdEUObICavU+aB3Mp8HY4n14wYHdxK4fXjPmv3PXZZeY5RaguJmGyeH/CJQhX3fqKUtS4qc1LoHwhQ=="
    },
    "node_modules/@popperjs/core": {
      "version": "2.11.8",
      "resolved": "https://registry.npmjs.org/@popperjs/core/-/core-2.11.8.tgz",
      "integrity": "sha512-P1st0aksCrn9sGZhp8GMYwBnQsbvAWsZAX44oXNNvLHGqAOcoVxmjZiohstwQ7SqKnbR47akdNi+uleWD8+g6A==",
      "peer": true,
      "funding": {
        "type": "opencollective",
        "url": "https://opencollective.com/popperjs"
      }
    },
    "node_modules/@siemens/ix": {
      "version": "2.4.1",
      "resolved": "https://registry.npmjs.org/@siemens/ix/-/ix-2.4.1.tgz",
      "integrity": "sha512-5ud7Jn8fZp/CctF5x/VjTUIhF9gk7cRcfUPBTrzQjuIb1rMyExNVCGSgrcpWgCEs8F5Z/6J5+S70PT1mGcnUqQ==",
      "dependencies": {
        "@floating-ui/dom": "^1.5.1",
        "@stencil/core": "~4.17.0",
        "@types/luxon": "^3.3.7",
        "animejs": "~3.2.1",
        "hyperlist": "^1.0.0",
        "luxon": "^3.4.4"
      },
      "peerDependencies": {
        "@popperjs/core": "^2.11.0",
        "@siemens/ix-icons": "^2.0.0",
        "bootstrap": "~5.2.0"
      }
    },
    "node_modules/@siemens/ix-angular": {
      "version": "2.4.1",
      "resolved": "https://registry.npmjs.org/@siemens/ix-angular/-/ix-angular-2.4.1.tgz",
      "integrity": "sha512-RtgTMlbRfX8MpDtYI/tpKWCSnl4ff4bjxQn27qH8Mj1IP+Ce3HnlIRdbV5g+mRhvIeIczYV2AIaW/AIRslj/hg==",
      "dependencies": {
        "@siemens/ix": "~2.4.1",
        "tslib": "^2.3.0"
      },
      "peerDependencies": {
        "@angular/core": ">=13.4.0",
        "@angular/forms": ">=13.4.0",
        "@siemens/ix-icons": "^2.0.0"
      }
    },
    "node_modules/@siemens/ix-icons": {
      "version": "2.2.0",
      "resolved": "https://registry.npmjs.org/@siemens/ix-icons/-/ix-icons-2.2.0.tgz",
      "integrity": "sha512-GwIWARbWqDpT9xlvMboKm74B3K+WvbqeslgQSremaqBNmVn3ppbuwydXi1CLt5xTF49zFXZ4jc837wuUp/eI+w==",
      "dependencies": {
        "@stencil/core": "^4.12.6"
      },
      "engines": {
        "node": ">=18.x.x",
        "pnpm": ">=9.x.x"
      }
    },
    "node_modules/@stencil/core": {
      "version": "4.17.2",
      "resolved": "https://registry.npmjs.org/@stencil/core/-/core-4.17.2.tgz",
      "integrity": "sha512-MX7yaLmpTU9iZvCire9nhecTcE0qBlV0vPWrLMeIXewYN7/hb8B3NjnhQyBKC93FDPI8NBRmt6KIugLw9zcRZg==",
      "bin": {
        "stencil": "bin/stencil"
      },
      "engines": {
        "node": ">=16.0.0",
        "npm": ">=7.10.0"
      }
    },
    "node_modules/@types/luxon": {
      "version": "3.4.2",
      "resolved": "https://registry.npmjs.org/@types/luxon/-/luxon-3.4.2.tgz",
      "integrity": "sha512-TifLZlFudklWlMBfhubvgqTXRzLDI5pCbGa4P8a3wPyUQSW+1xQ5eDsreP9DWHX3tjq1ke96uYG/nwundroWcA=="
    },
    "node_modules/ag-charts-community": {
      "version": "10.0.2",
      "resolved": "https://registry.npmjs.org/ag-charts-community/-/ag-charts-community-10.0.2.tgz",
      "integrity": "sha512-OOlyH/YH6k6+uqAQZMwV4UCvI5Ue6K5KDmtTsGWKRNXi5iCBtJgudG0vKq/IP5c+nP8Ybk1Z9Z61m0E6yLIDHw==",
      "dependencies": {
        "ag-charts-locale": "10.0.2",
        "ag-charts-types": "10.0.2"
      }
    },
    "node_modules/ag-charts-locale": {
      "version": "10.0.2",
      "resolved": "https://registry.npmjs.org/ag-charts-locale/-/ag-charts-locale-10.0.2.tgz",
      "integrity": "sha512-QLsLLZA3R39+ppIpZzfplxuIFCYYC1YiZs6otmyItrxFsfWOriQmO1GFrVznEdKadp3dR4gnuQvMhRkccD9DUA=="
    },
    "node_modules/ag-charts-types": {
      "version": "10.0.2",
      "resolved": "https://registry.npmjs.org/ag-charts-types/-/ag-charts-types-10.0.2.tgz",
      "integrity": "sha512-Nxo5slHOXlaeg0gRIsVnovAosQzzlYfWJtdDy0Aq/VvpJru/PJ+5i2c9aCyEhgRxhBjImsoegwkgRj7gNOWV6Q=="
    },
    "node_modules/ag-grid-community": {
      "version": "32.0.2",
      "resolved": "https://registry.npmjs.org/ag-grid-community/-/ag-grid-community-32.0.2.tgz",
      "integrity": "sha512-vLJJUjnsG9hNK41GNuW2EHu1W264kxA/poOpcX4kmyrjU5Uzvelsbj3HdKAO9POV28iqyRdKGYfAWdn8QzA7KA==",
      "dependencies": {
        "ag-charts-types": "10.0.2"
      }
    },
    "node_modules/ag-grid-enterprise": {
      "version": "32.0.2",
      "resolved": "https://registry.npmjs.org/ag-grid-enterprise/-/ag-grid-enterprise-32.0.2.tgz",
      "integrity": "sha512-bp4CvUYYITJhPIfAyT6DkvnXamQ/ZVB3exnNJ4BPmQnfvWyu1hjN+FNE19Jx8U4/FjPi7Yut/lYR09sbAlGrjQ==",
      "dependencies": {
        "ag-charts-community": "10.0.2",
        "ag-grid-community": "32.0.2"
      }
    },
    "node_modules/animejs": {
      "version": "3.2.2",
      "resolved": "https://registry.npmjs.org/animejs/-/animejs-3.2.2.tgz",
      "integrity": "sha512-Ao95qWLpDPXXM+WrmwcKbl6uNlC5tjnowlaRYtuVDHHoygjtIPfDUoK9NthrlZsQSKjZXlmji2TrBUAVbiH0LQ=="
    },
    "node_modules/bootstrap": {
      "version": "5.2.3",
      "resolved": "https://registry.npmjs.org/bootstrap/-/bootstrap-5.2.3.tgz",
      "integrity": "sha512-cEKPM+fwb3cT8NzQZYEu4HilJ3anCrWqh3CHAok1p9jXqMPsPTBhU25fBckEJHJ/p+tTxTFTsFQGM+gaHpi3QQ==",
      "funding": [
        {
          "type": "github",
          "url": "https://github.com/sponsors/twbs"
        },
        {
          "type": "opencollective",
          "url": "https://opencollective.com/bootstrap"
        }
      ],
      "peer": true,
      "peerDependencies": {
        "@popperjs/core": "^2.11.6"
      }
    },
    "node_modules/hyperlist": {
      "version": "1.0.0",
      "resolved": "https://registry.npmjs.org/hyperlist/-/hyperlist-1.0.0.tgz",
      "integrity": "sha512-1qAjO29EJW/mPyqY+9wFjruD2YWur1dPsPYmt9RvMX6P+8Cr2UmT75MCWjjK+1/4Jxc3sm/G3Kr8DzGgEDRG+Q=="
    },
    "node_modules/luxon": {
      "version": "3.4.4",
      "resolved": "https://registry.npmjs.org/luxon/-/luxon-3.4.4.tgz",
      "integrity": "sha512-zobTr7akeGHnv7eBOXcRgMeCP6+uyYsczwmeRCauvpvaAltgNyTbLH/+VaEAPUeWBT+1GuNmz4wC/6jtQzbbVA==",
      "engines": {
        "node": ">=12"
      }
    },
    "node_modules/rxjs": {
      "version": "7.8.1",
      "resolved": "https://registry.npmjs.org/rxjs/-/rxjs-7.8.1.tgz",
      "integrity": "sha512-AA3TVj+0A2iuIoQkWEK/tqFjBq2j+6PO6Y0zJcvzLAFhEFIO3HL0vls9hWLncZbAAbK0mar7oZ4V079I/qPMxg==",
      "peer": true,
      "dependencies": {
        "tslib": "^2.1.0"
      }
    },
    "node_modules/tslib": {
      "version": "2.6.3",
      "resolved": "https://registry.npmjs.org/tslib/-/tslib-2.6.3.tgz",
      "integrity": "sha512-xNvxJEOUiWPGhUuUdQgAJPKOOJfGnIyKySOc09XkKsgdUV/3E2zvwZYdejjmRgPCgcym1juLH3226yA7sEFJKQ=="
    },
    "node_modules/zone.js": {
      "version": "0.14.8",
      "resolved": "https://registry.npmjs.org/zone.js/-/zone.js-0.14.8.tgz",
      "integrity": "sha512-48uh7MnVp4/OQDuCHeFdXw5d8xwPqFTvlHgPJ1LBFb5GaustLSZV+YUH0to5ygNyGpqTsjpbpt141U/j3pCfqQ==",
      "peer": true
    }
  },
  "dependencies": {
    "@angular/common": {
      "version": "18.1.3",
      "resolved": "https://registry.npmjs.org/@angular/common/-/common-18.1.3.tgz",
      "integrity": "sha512-TC71jVph4L+QaXlyJTrW27nbqis4sWwr9hD/RDSNkfY9XCvYDb2MjYjKrpbN03FWiv7lmcKT9zgse1fYENFsKQ==",
      "peer": true,
      "requires": {
        "tslib": "^2.3.0"
      }
    },
    "@angular/core": {
      "version": "18.1.3",
      "resolved": "https://registry.npmjs.org/@angular/core/-/core-18.1.3.tgz",
      "integrity": "sha512-1tFTyGLwio5oYAP2sMVDiOvy5wl/v0a4om7RTCpP2Bjro0ynuYe8FK7ilcmdyPXR1DF7GVdo/0R/eCIQJZ2PwA==",
      "peer": true,
      "requires": {
        "tslib": "^2.3.0"
      }
    },
    "@angular/forms": {
      "version": "18.1.3",
      "resolved": "https://registry.npmjs.org/@angular/forms/-/forms-18.1.3.tgz",
      "integrity": "sha512-4kic/9hpS0HkbTORIkrdox7K40EcVT9VIbBruPoxX7jbfiW5jFaJ/05hLRvRt9RF8Sd9G+g5Uohmkcq/5hmsng==",
      "peer": true,
      "requires": {
        "tslib": "^2.3.0"
      }
    },
    "@angular/platform-browser": {
      "version": "18.1.3",
      "resolved": "https://registry.npmjs.org/@angular/platform-browser/-/platform-browser-18.1.3.tgz",
      "integrity": "sha512-/k5Xt/WjOk6OlRqb1Wd0ZUQ3NjSbafQyDC9Icy0Mb8qJtiXZjA4VCMkZIiQD7cBxO0F/BsAiYnYNjWrIkCZICA==",
      "peer": true,
      "requires": {
        "tslib": "^2.3.0"
      }
    },
    "@floating-ui/core": {
      "version": "1.6.5",
      "resolved": "https://registry.npmjs.org/@floating-ui/core/-/core-1.6.5.tgz",
      "integrity": "sha512-8GrTWmoFhm5BsMZOTHeGD2/0FLKLQQHvO/ZmQga4tKempYRLz8aqJGqXVuQgisnMObq2YZ2SgkwctN1LOOxcqA==",
      "requires": {
        "@floating-ui/utils": "^0.2.5"
      }
    },
    "@floating-ui/dom": {
      "version": "1.6.8",
      "resolved": "https://registry.npmjs.org/@floating-ui/dom/-/dom-1.6.8.tgz",
      "integrity": "sha512-kx62rP19VZ767Q653wsP1XZCGIirkE09E0QUGNYTM/ttbbQHqcGPdSfWFxUyyNLc/W6aoJRBajOSXhP6GXjC0Q==",
      "requires": {
        "@floating-ui/core": "^1.6.0",
        "@floating-ui/utils": "^0.2.5"
      }
    },
    "@floating-ui/utils": {
      "version": "0.2.5",
      "resolved": "https://registry.npmjs.org/@floating-ui/utils/-/utils-0.2.5.tgz",
      "integrity": "sha512-sTcG+QZ6fdEUObICavU+aB3Mp8HY4n14wYHdxK4fXjPmv3PXZZeY5RaguJmGyeH/CJQhX3fqKUtS4qc1LoHwhQ=="
    },
    "@popperjs/core": {
      "version": "2.11.8",
      "resolved": "https://registry.npmjs.org/@popperjs/core/-/core-2.11.8.tgz",
      "integrity": "sha512-P1st0aksCrn9sGZhp8GMYwBnQsbvAWsZAX44oXNNvLHGqAOcoVxmjZiohstwQ7SqKnbR47akdNi+uleWD8+g6A==",
      "peer": true
    },
    "@siemens/ix": {
      "version": "2.4.1",
      "resolved": "https://registry.npmjs.org/@siemens/ix/-/ix-2.4.1.tgz",
      "integrity": "sha512-5ud7Jn8fZp/CctF5x/VjTUIhF9gk7cRcfUPBTrzQjuIb1rMyExNVCGSgrcpWgCEs8F5Z/6J5+S70PT1mGcnUqQ==",
      "requires": {
        "@floating-ui/dom": "^1.5.1",
        "@stencil/core": "~4.17.0",
        "@types/luxon": "^3.3.7",
        "animejs": "~3.2.1",
        "hyperlist": "^1.0.0",
        "luxon": "^3.4.4"
      }
    },
    "@siemens/ix-angular": {
      "version": "2.4.1",
      "resolved": "https://registry.npmjs.org/@siemens/ix-angular/-/ix-angular-2.4.1.tgz",
      "integrity": "sha512-RtgTMlbRfX8MpDtYI/tpKWCSnl4ff4bjxQn27qH8Mj1IP+Ce3HnlIRdbV5g+mRhvIeIczYV2AIaW/AIRslj/hg==",
      "requires": {
        "@siemens/ix": "~2.4.1",
        "tslib": "^2.3.0"
      }
    },
    "@siemens/ix-icons": {
      "version": "2.2.0",
      "resolved": "https://registry.npmjs.org/@siemens/ix-icons/-/ix-icons-2.2.0.tgz",
      "integrity": "sha512-GwIWARbWqDpT9xlvMboKm74B3K+WvbqeslgQSremaqBNmVn3ppbuwydXi1CLt5xTF49zFXZ4jc837wuUp/eI+w==",
      "requires": {
        "@stencil/core": "^4.12.6"
      }
    },
    "@stencil/core": {
      "version": "4.17.2",
      "resolved": "https://registry.npmjs.org/@stencil/core/-/core-4.17.2.tgz",
      "integrity": "sha512-MX7yaLmpTU9iZvCire9nhecTcE0qBlV0vPWrLMeIXewYN7/hb8B3NjnhQyBKC93FDPI8NBRmt6KIugLw9zcRZg=="
    },
    "@types/luxon": {
      "version": "3.4.2",
      "resolved": "https://registry.npmjs.org/@types/luxon/-/luxon-3.4.2.tgz",
      "integrity": "sha512-TifLZlFudklWlMBfhubvgqTXRzLDI5pCbGa4P8a3wPyUQSW+1xQ5eDsreP9DWHX3tjq1ke96uYG/nwundroWcA=="
    },
    "ag-charts-community": {
      "version": "10.0.2",
      "resolved": "https://registry.npmjs.org/ag-charts-community/-/ag-charts-community-10.0.2.tgz",
      "integrity": "sha512-OOlyH/YH6k6+uqAQZMwV4UCvI5Ue6K5KDmtTsGWKRNXi5iCBtJgudG0vKq/IP5c+nP8Ybk1Z9Z61m0E6yLIDHw==",
      "requires": {
        "ag-charts-locale": "10.0.2",
        "ag-charts-types": "10.0.2"
      }
    },
    "ag-charts-locale": {
      "version": "10.0.2",
      "resolved": "https://registry.npmjs.org/ag-charts-locale/-/ag-charts-locale-10.0.2.tgz",
      "integrity": "sha512-QLsLLZA3R39+ppIpZzfplxuIFCYYC1YiZs6otmyItrxFsfWOriQmO1GFrVznEdKadp3dR4gnuQvMhRkccD9DUA=="
    },
    "ag-charts-types": {
      "version": "10.0.2",
      "resolved": "https://registry.npmjs.org/ag-charts-types/-/ag-charts-types-10.0.2.tgz",
      "integrity": "sha512-Nxo5slHOXlaeg0gRIsVnovAosQzzlYfWJtdDy0Aq/VvpJru/PJ+5i2c9aCyEhgRxhBjImsoegwkgRj7gNOWV6Q=="
    },
    "ag-grid-community": {
      "version": "32.0.2",
      "resolved": "https://registry.npmjs.org/ag-grid-community/-/ag-grid-community-32.0.2.tgz",
      "integrity": "sha512-vLJJUjnsG9hNK41GNuW2EHu1W264kxA/poOpcX4kmyrjU5Uzvelsbj3HdKAO9POV28iqyRdKGYfAWdn8QzA7KA==",
      "requires": {
        "ag-charts-types": "10.0.2"
      }
    },
    "ag-grid-enterprise": {
      "version": "32.0.2",
      "resolved": "https://registry.npmjs.org/ag-grid-enterprise/-/ag-grid-enterprise-32.0.2.tgz",
      "integrity": "sha512-bp4CvUYYITJhPIfAyT6DkvnXamQ/ZVB3exnNJ4BPmQnfvWyu1hjN+FNE19Jx8U4/FjPi7Yut/lYR09sbAlGrjQ==",
      "requires": {
        "ag-charts-community": "10.0.2",
        "ag-grid-community": "32.0.2"
      }
    },
    "animejs": {
      "version": "3.2.2",
      "resolved": "https://registry.npmjs.org/animejs/-/animejs-3.2.2.tgz",
      "integrity": "sha512-Ao95qWLpDPXXM+WrmwcKbl6uNlC5tjnowlaRYtuVDHHoygjtIPfDUoK9NthrlZsQSKjZXlmji2TrBUAVbiH0LQ=="
    },
    "bootstrap": {
      "version": "5.2.3",
      "resolved": "https://registry.npmjs.org/bootstrap/-/bootstrap-5.2.3.tgz",
      "integrity": "sha512-cEKPM+fwb3cT8NzQZYEu4HilJ3anCrWqh3CHAok1p9jXqMPsPTBhU25fBckEJHJ/p+tTxTFTsFQGM+gaHpi3QQ==",
      "peer": true,
      "requires": {}
    },
    "hyperlist": {
      "version": "1.0.0",
      "resolved": "https://registry.npmjs.org/hyperlist/-/hyperlist-1.0.0.tgz",
      "integrity": "sha512-1qAjO29EJW/mPyqY+9wFjruD2YWur1dPsPYmt9RvMX6P+8Cr2UmT75MCWjjK+1/4Jxc3sm/G3Kr8DzGgEDRG+Q=="
    },
    "luxon": {
      "version": "3.4.4",
      "resolved": "https://registry.npmjs.org/luxon/-/luxon-3.4.4.tgz",
      "integrity": "sha512-zobTr7akeGHnv7eBOXcRgMeCP6+uyYsczwmeRCauvpvaAltgNyTbLH/+VaEAPUeWBT+1GuNmz4wC/6jtQzbbVA=="
    },
    "rxjs": {
      "version": "7.8.1",
      "resolved": "https://registry.npmjs.org/rxjs/-/rxjs-7.8.1.tgz",
      "integrity": "sha512-AA3TVj+0A2iuIoQkWEK/tqFjBq2j+6PO6Y0zJcvzLAFhEFIO3HL0vls9hWLncZbAAbK0mar7oZ4V079I/qPMxg==",
      "peer": true,
      "requires": {
        "tslib": "^2.1.0"
      }
    },
    "tslib": {
      "version": "2.6.3",
      "resolved": "https://registry.npmjs.org/tslib/-/tslib-2.6.3.tgz",
      "integrity": "sha512-xNvxJEOUiWPGhUuUdQgAJPKOOJfGnIyKySOc09XkKsgdUV/3E2zvwZYdejjmRgPCgcym1juLH3226yA7sEFJKQ=="
    },
    "zone.js": {
      "version": "0.14.8",
      "resolved": "https://registry.npmjs.org/zone.js/-/zone.js-0.14.8.tgz",
      "integrity": "sha512-48uh7MnVp4/OQDuCHeFdXw5d8xwPqFTvlHgPJ1LBFb5GaustLSZV+YUH0to5ygNyGpqTsjpbpt141U/j3pCfqQ==",
      "peer": true
    }
  }
}
